// !$*UTF8*$!
{
	archiveVersion = 1;
	classes = {
	};
	objectVersion = 46;
	objects = {

/* Begin PBXBuildFile section */
		43CCD1A2CE48FD862EA55F52 /* libPods-ASListNode.a in Frameworks */ = {isa = PBXBuildFile; fileRef = 224C922163EF51F11FC17675 /* libPods-ASListNode.a */; };
		F0EB719B1BA3419E00F0EC55 /* main.m in Sources */ = {isa = PBXBuildFile; fileRef = F0EB719A1BA3419E00F0EC55 /* main.m */; };
		F0EB719E1BA3419E00F0EC55 /* AppDelegate.m in Sources */ = {isa = PBXBuildFile; fileRef = F0EB719D1BA3419E00F0EC55 /* AppDelegate.m */; };
		F0EB71A11BA3419F00F0EC55 /* ViewController.m in Sources */ = {isa = PBXBuildFile; fileRef = F0EB71A01BA3419F00F0EC55 /* ViewController.m */; };
		F0EB71A41BA3419F00F0EC55 /* Main.storyboard in Resources */ = {isa = PBXBuildFile; fileRef = F0EB71A21BA3419F00F0EC55 /* Main.storyboard */; };
		F0EB71A61BA3419F00F0EC55 /* Images.xcassets in Resources */ = {isa = PBXBuildFile; fileRef = F0EB71A51BA3419F00F0EC55 /* Images.xcassets */; };
		F0EB71A91BA3419F00F0EC55 /* LaunchScreen.xib in Resources */ = {isa = PBXBuildFile; fileRef = F0EB71A71BA3419F00F0EC55 /* LaunchScreen.xib */; };
		F0EB71B51BA3419F00F0EC55 /* ASListNodeTests.m in Sources */ = {isa = PBXBuildFile; fileRef = F0EB71B41BA3419F00F0EC55 /* ASListNodeTests.m */; };
		F0EB71C01BA342D400F0EC55 /* ASListNode.m in Sources */ = {isa = PBXBuildFile; fileRef = F0EB71BF1BA342D400F0EC55 /* ASListNode.m */; };
		F0EB71C31BA343DC00F0EC55 /* ASListNodeScrollView.m in Sources */ = {isa = PBXBuildFile; fileRef = F0EB71C21BA343DC00F0EC55 /* ASListNodeScrollView.m */; };
/* End PBXBuildFile section */

/* Begin PBXContainerItemProxy section */
		F0EB71AF1BA3419F00F0EC55 /* PBXContainerItemProxy */ = {
			isa = PBXContainerItemProxy;
			containerPortal = F0EB718D1BA3419E00F0EC55 /* Project object */;
			proxyType = 1;
			remoteGlobalIDString = F0EB71941BA3419E00F0EC55;
			remoteInfo = ASListNode;
		};
/* End PBXContainerItemProxy section */

/* Begin PBXFileReference section */
		0A8B54955AF8511785068224 /* Pods-ASListNode.debug.xcconfig */ = {isa = PBXFileReference; includeInIndex = 1; lastKnownFileType = text.xcconfig; name = "Pods-ASListNode.debug.xcconfig"; path = "Pods/Target Support Files/Pods-ASListNode/Pods-ASListNode.debug.xcconfig"; sourceTree = "<group>"; };
		224C922163EF51F11FC17675 /* libPods-ASListNode.a */ = {isa = PBXFileReference; explicitFileType = archive.ar; includeInIndex = 0; path = "libPods-ASListNode.a"; sourceTree = BUILT_PRODUCTS_DIR; };
		D62EFEB66D146427DA65A04B /* Pods-ASListNode.release.xcconfig */ = {isa = PBXFileReference; includeInIndex = 1; lastKnownFileType = text.xcconfig; name = "Pods-ASListNode.release.xcconfig"; path = "Pods/Target Support Files/Pods-ASListNode/Pods-ASListNode.release.xcconfig"; sourceTree = "<group>"; };
		F0EB71951BA3419E00F0EC55 /* ASListNode.app */ = {isa = PBXFileReference; explicitFileType = wrapper.application; includeInIndex = 0; path = ASListNode.app; sourceTree = BUILT_PRODUCTS_DIR; };
		F0EB71991BA3419E00F0EC55 /* Info.plist */ = {isa = PBXFileReference; lastKnownFileType = text.plist.xml; path = Info.plist; sourceTree = "<group>"; };
		F0EB719A1BA3419E00F0EC55 /* main.m */ = {isa = PBXFileReference; lastKnownFileType = sourcecode.c.objc; path = main.m; sourceTree = "<group>"; };
		F0EB719C1BA3419E00F0EC55 /* AppDelegate.h */ = {isa = PBXFileReference; lastKnownFileType = sourcecode.c.h; path = AppDelegate.h; sourceTree = "<group>"; };
		F0EB719D1BA3419E00F0EC55 /* AppDelegate.m */ = {isa = PBXFileReference; lastKnownFileType = sourcecode.c.objc; path = AppDelegate.m; sourceTree = "<group>"; };
		F0EB719F1BA3419F00F0EC55 /* ViewController.h */ = {isa = PBXFileReference; lastKnownFileType = sourcecode.c.h; path = ViewController.h; sourceTree = "<group>"; };
		F0EB71A01BA3419F00F0EC55 /* ViewController.m */ = {isa = PBXFileReference; lastKnownFileType = sourcecode.c.objc; path = ViewController.m; sourceTree = "<group>"; };
		F0EB71A31BA3419F00F0EC55 /* Base */ = {isa = PBXFileReference; lastKnownFileType = file.storyboard; name = Base; path = Base.lproj/Main.storyboard; sourceTree = "<group>"; };
		F0EB71A51BA3419F00F0EC55 /* Images.xcassets */ = {isa = PBXFileReference; lastKnownFileType = folder.assetcatalog; path = Images.xcassets; sourceTree = "<group>"; };
		F0EB71A81BA3419F00F0EC55 /* Base */ = {isa = PBXFileReference; lastKnownFileType = file.xib; name = Base; path = Base.lproj/LaunchScreen.xib; sourceTree = "<group>"; };
		F0EB71AE1BA3419F00F0EC55 /* ASListNodeTests.xctest */ = {isa = PBXFileReference; explicitFileType = wrapper.cfbundle; includeInIndex = 0; path = ASListNodeTests.xctest; sourceTree = BUILT_PRODUCTS_DIR; };
		F0EB71B31BA3419F00F0EC55 /* Info.plist */ = {isa = PBXFileReference; lastKnownFileType = text.plist.xml; path = Info.plist; sourceTree = "<group>"; };
		F0EB71B41BA3419F00F0EC55 /* ASListNodeTests.m */ = {isa = PBXFileReference; lastKnownFileType = sourcecode.c.objc; path = ASListNodeTests.m; sourceTree = "<group>"; };
		F0EB71BE1BA342D400F0EC55 /* ASListNode.h */ = {isa = PBXFileReference; fileEncoding = 4; lastKnownFileType = sourcecode.c.h; path = ASListNode.h; sourceTree = "<group>"; };
		F0EB71BF1BA342D400F0EC55 /* ASListNode.m */ = {isa = PBXFileReference; fileEncoding = 4; lastKnownFileType = sourcecode.c.objc; path = ASListNode.m; sourceTree = "<group>"; };
		F0EB71C11BA343DC00F0EC55 /* ASListNodeScrollView.h */ = {isa = PBXFileReference; fileEncoding = 4; lastKnownFileType = sourcecode.c.h; path = ASListNodeScrollView.h; sourceTree = "<group>"; };
		F0EB71C21BA343DC00F0EC55 /* ASListNodeScrollView.m */ = {isa = PBXFileReference; fileEncoding = 4; lastKnownFileType = sourcecode.c.objc; path = ASListNodeScrollView.m; sourceTree = "<group>"; };
/* End PBXFileReference section */

/* Begin PBXFrameworksBuildPhase section */
		F0EB71921BA3419E00F0EC55 /* Frameworks */ = {
			isa = PBXFrameworksBuildPhase;
			buildActionMask = 2147483647;
			files = (
				43CCD1A2CE48FD862EA55F52 /* libPods-ASListNode.a in Frameworks */,
			);
			runOnlyForDeploymentPostprocessing = 0;
		};
		F0EB71AB1BA3419F00F0EC55 /* Frameworks */ = {
			isa = PBXFrameworksBuildPhase;
			buildActionMask = 2147483647;
			files = (
			);
			runOnlyForDeploymentPostprocessing = 0;
		};
/* End PBXFrameworksBuildPhase section */

/* Begin PBXGroup section */
		5BDF0A6AD34FC2204A3488A2 /* Pods */ = {
			isa = PBXGroup;
			children = (
				0A8B54955AF8511785068224 /* Pods-ASListNode.debug.xcconfig */,
				D62EFEB66D146427DA65A04B /* Pods-ASListNode.release.xcconfig */,
			);
			name = Pods;
			sourceTree = "<group>";
		};
		78452B942BA9C802B8857193 /* Frameworks */ = {
			isa = PBXGroup;
			children = (
				224C922163EF51F11FC17675 /* libPods-ASListNode.a */,
			);
			name = Frameworks;
			sourceTree = "<group>";
		};
		F0EB718C1BA3419E00F0EC55 = {
			isa = PBXGroup;
			children = (
				F0EB71971BA3419E00F0EC55 /* ASListNode */,
				F0EB71B11BA3419F00F0EC55 /* ASListNodeTests */,
				F0EB71961BA3419E00F0EC55 /* Products */,
				5BDF0A6AD34FC2204A3488A2 /* Pods */,
				78452B942BA9C802B8857193 /* Frameworks */,
			);
			sourceTree = "<group>";
		};
		F0EB71961BA3419E00F0EC55 /* Products */ = {
			isa = PBXGroup;
			children = (
				F0EB71951BA3419E00F0EC55 /* ASListNode.app */,
				F0EB71AE1BA3419F00F0EC55 /* ASListNodeTests.xctest */,
			);
			name = Products;
			sourceTree = "<group>";
		};
		F0EB71971BA3419E00F0EC55 /* ASListNode */ = {
			isa = PBXGroup;
			children = (
				F0EB719C1BA3419E00F0EC55 /* AppDelegate.h */,
				F0EB719D1BA3419E00F0EC55 /* AppDelegate.m */,
				F0EB719F1BA3419F00F0EC55 /* ViewController.h */,
				F0EB71A01BA3419F00F0EC55 /* ViewController.m */,
				F0EB71A21BA3419F00F0EC55 /* Main.storyboard */,
				F0EB71A51BA3419F00F0EC55 /* Images.xcassets */,
				F0EB71A71BA3419F00F0EC55 /* LaunchScreen.xib */,
				F0EB71981BA3419E00F0EC55 /* Supporting Files */,
				F0EB71BE1BA342D400F0EC55 /* ASListNode.h */,
				F0EB71BF1BA342D400F0EC55 /* ASListNode.m */,
				F0EB71C11BA343DC00F0EC55 /* ASListNodeScrollView.h */,
				F0EB71C21BA343DC00F0EC55 /* ASListNodeScrollView.m */,
			);
			path = ASListNode;
			sourceTree = "<group>";
		};
		F0EB71981BA3419E00F0EC55 /* Supporting Files */ = {
			isa = PBXGroup;
			children = (
				F0EB71991BA3419E00F0EC55 /* Info.plist */,
				F0EB719A1BA3419E00F0EC55 /* main.m */,
			);
			name = "Supporting Files";
			sourceTree = "<group>";
		};
		F0EB71B11BA3419F00F0EC55 /* ASListNodeTests */ = {
			isa = PBXGroup;
			children = (
				F0EB71B41BA3419F00F0EC55 /* ASListNodeTests.m */,
				F0EB71B21BA3419F00F0EC55 /* Supporting Files */,
			);
			path = ASListNodeTests;
			sourceTree = "<group>";
		};
		F0EB71B21BA3419F00F0EC55 /* Supporting Files */ = {
			isa = PBXGroup;
			children = (
				F0EB71B31BA3419F00F0EC55 /* Info.plist */,
			);
			name = "Supporting Files";
			sourceTree = "<group>";
		};
/* End PBXGroup section */

/* Begin PBXNativeTarget section */
		F0EB71941BA3419E00F0EC55 /* ASListNode */ = {
			isa = PBXNativeTarget;
			buildConfigurationList = F0EB71B81BA3419F00F0EC55 /* Build configuration list for PBXNativeTarget "ASListNode" */;
			buildPhases = (
				0F112C33622E95549C5D9DA4 /* Check Pods Manifest.lock */,
				F0EB71911BA3419E00F0EC55 /* Sources */,
				F0EB71921BA3419E00F0EC55 /* Frameworks */,
				F0EB71931BA3419E00F0EC55 /* Resources */,
				0ADEF745DE1DB060624772A6 /* Copy Pods Resources */,
			);
			buildRules = (
			);
			dependencies = (
			);
			name = ASListNode;
			productName = ASListNode;
			productReference = F0EB71951BA3419E00F0EC55 /* ASListNode.app */;
			productType = "com.apple.product-type.application";
		};
		F0EB71AD1BA3419F00F0EC55 /* ASListNodeTests */ = {
			isa = PBXNativeTarget;
			buildConfigurationList = F0EB71BB1BA3419F00F0EC55 /* Build configuration list for PBXNativeTarget "ASListNodeTests" */;
			buildPhases = (
				F0EB71AA1BA3419F00F0EC55 /* Sources */,
				F0EB71AB1BA3419F00F0EC55 /* Frameworks */,
				F0EB71AC1BA3419F00F0EC55 /* Resources */,
			);
			buildRules = (
			);
			dependencies = (
				F0EB71B01BA3419F00F0EC55 /* PBXTargetDependency */,
			);
			name = ASListNodeTests;
			productName = ASListNodeTests;
			productReference = F0EB71AE1BA3419F00F0EC55 /* ASListNodeTests.xctest */;
			productType = "com.apple.product-type.bundle.unit-test";
		};
/* End PBXNativeTarget section */

/* Begin PBXProject section */
		F0EB718D1BA3419E00F0EC55 /* Project object */ = {
			isa = PBXProject;
			attributes = {
				LastUpgradeCheck = 0640;
				ORGANIZATIONNAME = "Ethan Nagel";
				TargetAttributes = {
					F0EB71941BA3419E00F0EC55 = {
						CreatedOnToolsVersion = 6.4;
					};
					F0EB71AD1BA3419F00F0EC55 = {
						CreatedOnToolsVersion = 6.4;
						TestTargetID = F0EB71941BA3419E00F0EC55;
					};
				};
			};
			buildConfigurationList = F0EB71901BA3419E00F0EC55 /* Build configuration list for PBXProject "ASListNode" */;
			compatibilityVersion = "Xcode 3.2";
			developmentRegion = English;
			hasScannedForEncodings = 0;
			knownRegions = (
				en,
				Base,
			);
			mainGroup = F0EB718C1BA3419E00F0EC55;
			productRefGroup = F0EB71961BA3419E00F0EC55 /* Products */;
			projectDirPath = "";
			projectRoot = "";
			targets = (
				F0EB71941BA3419E00F0EC55 /* ASListNode */,
				F0EB71AD1BA3419F00F0EC55 /* ASListNodeTests */,
			);
		};
/* End PBXProject section */

/* Begin PBXResourcesBuildPhase section */
		F0EB71931BA3419E00F0EC55 /* Resources */ = {
			isa = PBXResourcesBuildPhase;
			buildActionMask = 2147483647;
			files = (
				F0EB71A41BA3419F00F0EC55 /* Main.storyboard in Resources */,
				F0EB71A91BA3419F00F0EC55 /* LaunchScreen.xib in Resources */,
				F0EB71A61BA3419F00F0EC55 /* Images.xcassets in Resources */,
			);
			runOnlyForDeploymentPostprocessing = 0;
		};
		F0EB71AC1BA3419F00F0EC55 /* Resources */ = {
			isa = PBXResourcesBuildPhase;
			buildActionMask = 2147483647;
			files = (
			);
			runOnlyForDeploymentPostprocessing = 0;
		};
/* End PBXResourcesBuildPhase section */

/* Begin PBXShellScriptBuildPhase section */
		0ADEF745DE1DB060624772A6 /* Copy Pods Resources */ = {
			isa = PBXShellScriptBuildPhase;
			buildActionMask = 2147483647;
			files = (
			);
			inputPaths = (
			);
			name = "Copy Pods Resources";
			outputPaths = (
			);
			runOnlyForDeploymentPostprocessing = 0;
			shellPath = /bin/sh;
			shellScript = "\"${SRCROOT}/Pods/Target Support Files/Pods-ASListNode/Pods-ASListNode-resources.sh\"\n";
			showEnvVarsInLog = 0;
		};
		0F112C33622E95549C5D9DA4 /* Check Pods Manifest.lock */ = {
			isa = PBXShellScriptBuildPhase;
			buildActionMask = 2147483647;
			files = (
			);
			inputPaths = (
			);
			name = "Check Pods Manifest.lock";
			outputPaths = (
			);
			runOnlyForDeploymentPostprocessing = 0;
			shellPath = /bin/sh;
			shellScript = "diff \"${PODS_ROOT}/../Podfile.lock\" \"${PODS_ROOT}/Manifest.lock\" > /dev/null\nif [[ $? != 0 ]] ; then\n    cat << EOM\nerror: The sandbox is not in sync with the Podfile.lock. Run 'pod install' or update your CocoaPods installation.\nEOM\n    exit 1\nfi\n";
			showEnvVarsInLog = 0;
		};
/* End PBXShellScriptBuildPhase section */

/* Begin PBXSourcesBuildPhase section */
		F0EB71911BA3419E00F0EC55 /* Sources */ = {
			isa = PBXSourcesBuildPhase;
			buildActionMask = 2147483647;
			files = (
				F0EB71A11BA3419F00F0EC55 /* ViewController.m in Sources */,
				F0EB71C01BA342D400F0EC55 /* ASListNode.m in Sources */,
				F0EB71C31BA343DC00F0EC55 /* ASListNodeScrollView.m in Sources */,
				F0EB719E1BA3419E00F0EC55 /* AppDelegate.m in Sources */,
				F0EB719B1BA3419E00F0EC55 /* main.m in Sources */,
			);
			runOnlyForDeploymentPostprocessing = 0;
		};
		F0EB71AA1BA3419F00F0EC55 /* Sources */ = {
			isa = PBXSourcesBuildPhase;
			buildActionMask = 2147483647;
			files = (
				F0EB71B51BA3419F00F0EC55 /* ASListNodeTests.m in Sources */,
			);
			runOnlyForDeploymentPostprocessing = 0;
		};
/* End PBXSourcesBuildPhase section */

/* Begin PBXTargetDependency section */
		F0EB71B01BA3419F00F0EC55 /* PBXTargetDependency */ = {
			isa = PBXTargetDependency;
			target = F0EB71941BA3419E00F0EC55 /* ASListNode */;
			targetProxy = F0EB71AF1BA3419F00F0EC55 /* PBXContainerItemProxy */;
		};
/* End PBXTargetDependency section */

/* Begin PBXVariantGroup section */
		F0EB71A21BA3419F00F0EC55 /* Main.storyboard */ = {
			isa = PBXVariantGroup;
			children = (
				F0EB71A31BA3419F00F0EC55 /* Base */,
			);
			name = Main.storyboard;
			sourceTree = "<group>";
		};
		F0EB71A71BA3419F00F0EC55 /* LaunchScreen.xib */ = {
			isa = PBXVariantGroup;
			children = (
				F0EB71A81BA3419F00F0EC55 /* Base */,
			);
			name = LaunchScreen.xib;
			sourceTree = "<group>";
		};
/* End PBXVariantGroup section */

/* Begin XCBuildConfiguration section */
		F0EB71B61BA3419F00F0EC55 /* Debug */ = {
			isa = XCBuildConfiguration;
			buildSettings = {
				ALWAYS_SEARCH_USER_PATHS = NO;
				CLANG_CXX_LANGUAGE_STANDARD = "gnu++0x";
				CLANG_CXX_LIBRARY = "libc++";
				CLANG_ENABLE_MODULES = YES;
				CLANG_ENABLE_OBJC_ARC = YES;
				CLANG_WARN_BOOL_CONVERSION = YES;
				CLANG_WARN_CONSTANT_CONVERSION = YES;
				CLANG_WARN_DIRECT_OBJC_ISA_USAGE = YES_ERROR;
				CLANG_WARN_EMPTY_BODY = YES;
				CLANG_WARN_ENUM_CONVERSION = YES;
				CLANG_WARN_INT_CONVERSION = YES;
				CLANG_WARN_OBJC_ROOT_CLASS = YES_ERROR;
				CLANG_WARN_UNREACHABLE_CODE = YES;
				CLANG_WARN__DUPLICATE_METHOD_MATCH = YES;
				"CODE_SIGN_IDENTITY[sdk=iphoneos*]" = "iPhone Developer";
				COPY_PHASE_STRIP = NO;
				DEBUG_INFORMATION_FORMAT = "dwarf-with-dsym";
				ENABLE_STRICT_OBJC_MSGSEND = YES;
				GCC_C_LANGUAGE_STANDARD = gnu99;
				GCC_DYNAMIC_NO_PIC = NO;
				GCC_NO_COMMON_BLOCKS = YES;
				GCC_OPTIMIZATION_LEVEL = 0;
				GCC_PREPROCESSOR_DEFINITIONS = (
					"DEBUG=1",
					"$(inherited)",
				);
				GCC_SYMBOLS_PRIVATE_EXTERN = NO;
				GCC_WARN_64_TO_32_BIT_CONVERSION = YES;
				GCC_WARN_ABOUT_RETURN_TYPE = YES_ERROR;
				GCC_WARN_UNDECLARED_SELECTOR = YES;
				GCC_WARN_UNINITIALIZED_AUTOS = YES_AGGRESSIVE;
				GCC_WARN_UNUSED_FUNCTION = YES;
				GCC_WARN_UNUSED_VARIABLE = YES;
				IPHONEOS_DEPLOYMENT_TARGET = 8.4;
				MTL_ENABLE_DEBUG_INFO = YES;
				ONLY_ACTIVE_ARCH = YES;
				SDKROOT = iphoneos;
			};
			name = Debug;
		};
		F0EB71B71BA3419F00F0EC55 /* Release */ = {
			isa = XCBuildConfiguration;
			buildSettings = {
				ALWAYS_SEARCH_USER_PATHS = NO;
				CLANG_CXX_LANGUAGE_STANDARD = "gnu++0x";
				CLANG_CXX_LIBRARY = "libc++";
				CLANG_ENABLE_MODULES = YES;
				CLANG_ENABLE_OBJC_ARC = YES;
				CLANG_WARN_BOOL_CONVERSION = YES;
				CLANG_WARN_CONSTANT_CONVERSION = YES;
				CLANG_WARN_DIRECT_OBJC_ISA_USAGE = YES_ERROR;
				CLANG_WARN_EMPTY_BODY = YES;
				CLANG_WARN_ENUM_CONVERSION = YES;
				CLANG_WARN_INT_CONVERSION = YES;
				CLANG_WARN_OBJC_ROOT_CLASS = YES_ERROR;
				CLANG_WARN_UNREACHABLE_CODE = YES;
				CLANG_WARN__DUPLICATE_METHOD_MATCH = YES;
				"CODE_SIGN_IDENTITY[sdk=iphoneos*]" = "iPhone Developer";
				COPY_PHASE_STRIP = NO;
				DEBUG_INFORMATION_FORMAT = "dwarf-with-dsym";
				ENABLE_NS_ASSERTIONS = NO;
				ENABLE_STRICT_OBJC_MSGSEND = YES;
				GCC_C_LANGUAGE_STANDARD = gnu99;
				GCC_NO_COMMON_BLOCKS = YES;
				GCC_WARN_64_TO_32_BIT_CONVERSION = YES;
				GCC_WARN_ABOUT_RETURN_TYPE = YES_ERROR;
				GCC_WARN_UNDECLARED_SELECTOR = YES;
				GCC_WARN_UNINITIALIZED_AUTOS = YES_AGGRESSIVE;
				GCC_WARN_UNUSED_FUNCTION = YES;
				GCC_WARN_UNUSED_VARIABLE = YES;
				IPHONEOS_DEPLOYMENT_TARGET = 8.4;
				MTL_ENABLE_DEBUG_INFO = NO;
				SDKROOT = iphoneos;
				VALIDATE_PRODUCT = YES;
			};
			name = Release;
		};
		F0EB71B91BA3419F00F0EC55 /* Debug */ = {
			isa = XCBuildConfiguration;
			baseConfigurationReference = 0A8B54955AF8511785068224 /* Pods-ASListNode.debug.xcconfig */;
			buildSettings = {
				ASSETCATALOG_COMPILER_APPICON_NAME = AppIcon;
				INFOPLIST_FILE = ASListNode/Info.plist;
				LD_RUNPATH_SEARCH_PATHS = "$(inherited) @executable_path/Frameworks";
				PRODUCT_NAME = "$(TARGET_NAME)";
			};
			name = Debug;
		};
		F0EB71BA1BA3419F00F0EC55 /* Release */ = {
			isa = XCBuildConfiguration;
			baseConfigurationReference = D62EFEB66D146427DA65A04B /* Pods-ASListNode.release.xcconfig */;
			buildSettings = {
				ASSETCATALOG_COMPILER_APPICON_NAME = AppIcon;
				INFOPLIST_FILE = ASListNode/Info.plist;
				LD_RUNPATH_SEARCH_PATHS = "$(inherited) @executable_path/Frameworks";
				PRODUCT_NAME = "$(TARGET_NAME)";
			};
			name = Release;
		};
		F0EB71BC1BA3419F00F0EC55 /* Debug */ = {
			isa = XCBuildConfiguration;
			buildSettings = {
				BUNDLE_LOADER = "$(TEST_HOST)";
				FRAMEWORK_SEARCH_PATHS = (
					"$(SDKROOT)/Developer/Library/Frameworks",
					"$(inherited)",
				);
				GCC_PREPROCESSOR_DEFINITIONS = (
					"DEBUG=1",
					"$(inherited)",
				);
				INFOPLIST_FILE = ASListNodeTests/Info.plist;
				LD_RUNPATH_SEARCH_PATHS = "$(inherited) @executable_path/Frameworks @loader_path/Frameworks";
				PRODUCT_NAME = "$(TARGET_NAME)";
				TEST_HOST = "$(BUILT_PRODUCTS_DIR)/ASListNode.app/ASListNode";
			};
			name = Debug;
		};
		F0EB71BD1BA3419F00F0EC55 /* Release */ = {
			isa = XCBuildConfiguration;
			buildSettings = {
				BUNDLE_LOADER = "$(TEST_HOST)";
				FRAMEWORK_SEARCH_PATHS = (
					"$(SDKROOT)/Developer/Library/Frameworks",
					"$(inherited)",
				);
				INFOPLIST_FILE = ASListNodeTests/Info.plist;
				LD_RUNPATH_SEARCH_PATHS = "$(inherited) @executable_path/Frameworks @loader_path/Frameworks";
				PRODUCT_NAME = "$(TARGET_NAME)";
				TEST_HOST = "$(BUILT_PRODUCTS_DIR)/ASListNode.app/ASListNode";
			};
			name = Release;
		};
/* End XCBuildConfiguration section */

/* Begin XCConfigurationList section */
		F0EB71901BA3419E00F0EC55 /* Build configuration list for PBXProject "ASListNode" */ = {
			isa = XCConfigurationList;
			buildConfigurations = (
				F0EB71B61BA3419F00F0EC55 /* Debug */,
				F0EB71B71BA3419F00F0EC55 /* Release */,
			);
			defaultConfigurationIsVisible = 0;
			defaultConfigurationName = Release;
		};
		F0EB71B81BA3419F00F0EC55 /* Build configuration list for PBXNativeTarget "ASListNode" */ = {
			isa = XCConfigurationList;
			buildConfigurations = (
				F0EB71B91BA3419F00F0EC55 /* Debug */,
				F0EB71BA1BA3419F00F0EC55 /* Release */,
			);
			defaultConfigurationIsVisible = 0;
			defaultConfigurationName = Release;
		};
		F0EB71BB1BA3419F00F0EC55 /* Build configuration list for PBXNativeTarget "ASListNodeTests" */ = {
			isa = XCConfigurationList;
			buildConfigurations = (
				F0EB71BC1BA3419F00F0EC55 /* Debug */,
				F0EB71BD1BA3419F00F0EC55 /* Release */,
			);
			defaultConfigurationIsVisible = 0;
			defaultConfigurationName = Release;
		};
/* End XCConfigurationList section */
	};
	rootObject = F0EB718D1BA3419E00F0EC55 /* Project object */;
}
